// !$*UTF8*$!
{
	archiveVersion = 1;
	classes = {
	};
	objectVersion = 56;
	objects = {

/* Begin PBXBuildFile section */
		0B3CE50C2BD4A806004853BD /* Neppatsrev_CoffeeApp.swift in Sources */ = {isa = PBXBuildFile; fileRef = 0B3CE50B2BD4A806004853BD /* Neppatsrev_CoffeeApp.swift */; };
		0B3CE50E2BD4A806004853BD /* ContentView.swift in Sources */ = {isa = PBXBuildFile; fileRef = 0B3CE50D2BD4A806004853BD /* ContentView.swift */; };
		0B3CE5102BD4A809004853BD /* Assets.xcassets in Resources */ = {isa = PBXBuildFile; fileRef = 0B3CE50F2BD4A809004853BD /* Assets.xcassets */; };
		0B3CE5132BD4A809004853BD /* Preview Assets.xcassets in Resources */ = {isa = PBXBuildFile; fileRef = 0B3CE5122BD4A809004853BD /* Preview Assets.xcassets */; };
		0B3CE51D2BD4A80A004853BD /* Neppatsrev_CoffeeTests.swift in Sources */ = {isa = PBXBuildFile; fileRef = 0B3CE51C2BD4A80A004853BD /* Neppatsrev_CoffeeTests.swift */; };
		0B3CE5272BD4A80A004853BD /* Neppatsrev_CoffeeUITests.swift in Sources */ = {isa = PBXBuildFile; fileRef = 0B3CE5262BD4A80A004853BD /* Neppatsrev_CoffeeUITests.swift */; };
		0B3CE5292BD4A80A004853BD /* Neppatsrev_CoffeeUITestsLaunchTests.swift in Sources */ = {isa = PBXBuildFile; fileRef = 0B3CE5282BD4A80A004853BD /* Neppatsrev_CoffeeUITestsLaunchTests.swift */; };
/* End PBXBuildFile section */

/* Begin PBXContainerItemProxy section */
		0B3CE5192BD4A80A004853BD /* PBXContainerItemProxy */ = {
			isa = PBXContainerItemProxy;
			containerPortal = 0B3CE5002BD4A806004853BD /* Project object */;
			proxyType = 1;
			remoteGlobalIDString = 0B3CE5072BD4A806004853BD;
			remoteInfo = "Neppatsrev Coffee";
		};
		0B3CE5232BD4A80A004853BD /* PBXContainerItemProxy */ = {
			isa = PBXContainerItemProxy;
			containerPortal = 0B3CE5002BD4A806004853BD /* Project object */;
			proxyType = 1;
			remoteGlobalIDString = 0B3CE5072BD4A806004853BD;
			remoteInfo = "Neppatsrev Coffee";
		};
/* End PBXContainerItemProxy section */

/* Begin PBXFileReference section */
		0B3CE5082BD4A806004853BD /* Neppatsrev Coffee.app */ = {isa = PBXFileReference; explicitFileType = wrapper.application; includeInIndex = 0; path = "Neppatsrev Coffee.app"; sourceTree = BUILT_PRODUCTS_DIR; };
		0B3CE50B2BD4A806004853BD /* Neppatsrev_CoffeeApp.swift */ = {isa = PBXFileReference; lastKnownFileType = sourcecode.swift; path = Neppatsrev_CoffeeApp.swift; sourceTree = "<group>"; };
		0B3CE50D2BD4A806004853BD /* ContentView.swift */ = {isa = PBXFileReference; lastKnownFileType = sourcecode.swift; path = ContentView.swift; sourceTree = "<group>"; };
		0B3CE50F2BD4A809004853BD /* Assets.xcassets */ = {isa = PBXFileReference; lastKnownFileType = folder.assetcatalog; path = Assets.xcassets; sourceTree = "<group>"; };
		0B3CE5122BD4A809004853BD /* Preview Assets.xcassets */ = {isa = PBXFileReference; lastKnownFileType = folder.assetcatalog; path = "Preview Assets.xcassets"; sourceTree = "<group>"; };
		0B3CE5182BD4A80A004853BD /* Neppatsrev CoffeeTests.xctest */ = {isa = PBXFileReference; explicitFileType = wrapper.cfbundle; includeInIndex = 0; path = "Neppatsrev CoffeeTests.xctest"; sourceTree = BUILT_PRODUCTS_DIR; };
		0B3CE51C2BD4A80A004853BD /* Neppatsrev_CoffeeTests.swift */ = {isa = PBXFileReference; lastKnownFileType = sourcecode.swift; path = Neppatsrev_CoffeeTests.swift; sourceTree = "<group>"; };
		0B3CE5222BD4A80A004853BD /* Neppatsrev CoffeeUITests.xctest */ = {isa = PBXFileReference; explicitFileType = wrapper.cfbundle; includeInIndex = 0; path = "Neppatsrev CoffeeUITests.xctest"; sourceTree = BUILT_PRODUCTS_DIR; };
		0B3CE5262BD4A80A004853BD /* Neppatsrev_CoffeeUITests.swift */ = {isa = PBXFileReference; lastKnownFileType = sourcecode.swift; path = Neppatsrev_CoffeeUITests.swift; sourceTree = "<group>"; };
		0B3CE5282BD4A80A004853BD /* Neppatsrev_CoffeeUITestsLaunchTests.swift */ = {isa = PBXFileReference; lastKnownFileType = sourcecode.swift; path = Neppatsrev_CoffeeUITestsLaunchTests.swift; sourceTree = "<group>"; };
/* End PBXFileReference section */

/* Begin PBXFrameworksBuildPhase section */
		0B3CE5052BD4A806004853BD /* Frameworks */ = {
			isa = PBXFrameworksBuildPhase;
			buildActionMask = 2147483647;
			files = (
			);
			runOnlyForDeploymentPostprocessing = 0;
		};
		0B3CE5152BD4A80A004853BD /* Frameworks */ = {
			isa = PBXFrameworksBuildPhase;
			buildActionMask = 2147483647;
			files = (
			);
			runOnlyForDeploymentPostprocessing = 0;
		};
		0B3CE51F2BD4A80A004853BD /* Frameworks */ = {
			isa = PBXFrameworksBuildPhase;
			buildActionMask = 2147483647;
			files = (
			);
			runOnlyForDeploymentPostprocessing = 0;
		};
/* End PBXFrameworksBuildPhase section */

/* Begin PBXGroup section */
		0B3CE4FF2BD4A806004853BD = {
			isa = PBXGroup;
			children = (
				0B3CE50A2BD4A806004853BD /* Neppatsrev Coffee */,
				0B3CE51B2BD4A80A004853BD /* Neppatsrev CoffeeTests */,
				0B3CE5252BD4A80A004853BD /* Neppatsrev CoffeeUITests */,
				0B3CE5092BD4A806004853BD /* Products */,
			);
			sourceTree = "<group>";
		};
		0B3CE5092BD4A806004853BD /* Products */ = {
			isa = PBXGroup;
			children = (
				0B3CE5082BD4A806004853BD /* Neppatsrev Coffee.app */,
				0B3CE5182BD4A80A004853BD /* Neppatsrev CoffeeTests.xctest */,
				0B3CE5222BD4A80A004853BD /* Neppatsrev CoffeeUITests.xctest */,
			);
			name = Products;
			sourceTree = "<group>";
		};
		0B3CE50A2BD4A806004853BD /* Neppatsrev Coffee */ = {
			isa = PBXGroup;
			children = (
				0B3CE50B2BD4A806004853BD /* Neppatsrev_CoffeeApp.swift */,
				0B3CE50D2BD4A806004853BD /* ContentView.swift */,
				0B3CE50F2BD4A809004853BD /* Assets.xcassets */,
				0B3CE5112BD4A809004853BD /* Preview Content */,
			);
			path = "Neppatsrev Coffee";
			sourceTree = "<group>";
		};
		0B3CE5112BD4A809004853BD /* Preview Content */ = {
			isa = PBXGroup;
			children = (
				0B3CE5122BD4A809004853BD /* Preview Assets.xcassets */,
			);
			path = "Preview Content";
			sourceTree = "<group>";
		};
		0B3CE51B2BD4A80A004853BD /* Neppatsrev CoffeeTests */ = {
			isa = PBXGroup;
			children = (
				0B3CE51C2BD4A80A004853BD /* Neppatsrev_CoffeeTests.swift */,
			);
			path = "Neppatsrev CoffeeTests";
			sourceTree = "<group>";
		};
		0B3CE5252BD4A80A004853BD /* Neppatsrev CoffeeUITests */ = {
			isa = PBXGroup;
			children = (
				0B3CE5262BD4A80A004853BD /* Neppatsrev_CoffeeUITests.swift */,
				0B3CE5282BD4A80A004853BD /* Neppatsrev_CoffeeUITestsLaunchTests.swift */,
			);
			path = "Neppatsrev CoffeeUITests";
			sourceTree = "<group>";
		};
/* End PBXGroup section */

/* Begin PBXNativeTarget section */
		0B3CE5072BD4A806004853BD /* Neppatsrev Coffee */ = {
			isa = PBXNativeTarget;
			buildConfigurationList = 0B3CE52C2BD4A80A004853BD /* Build configuration list for PBXNativeTarget "Neppatsrev Coffee" */;
			buildPhases = (
				0B3CE5042BD4A806004853BD /* Sources */,
				0B3CE5052BD4A806004853BD /* Frameworks */,
				0B3CE5062BD4A806004853BD /* Resources */,
			);
			buildRules = (
			);
			dependencies = (
			);
			name = "Neppatsrev Coffee";
			productName = "Neppatsrev Coffee";
			productReference = 0B3CE5082BD4A806004853BD /* Neppatsrev Coffee.app */;
			productType = "com.apple.product-type.application";
		};
		0B3CE5172BD4A80A004853BD /* Neppatsrev CoffeeTests */ = {
			isa = PBXNativeTarget;
			buildConfigurationList = 0B3CE52F2BD4A80A004853BD /* Build configuration list for PBXNativeTarget "Neppatsrev CoffeeTests" */;
			buildPhases = (
				0B3CE5142BD4A80A004853BD /* Sources */,
				0B3CE5152BD4A80A004853BD /* Frameworks */,
				0B3CE5162BD4A80A004853BD /* Resources */,
			);
			buildRules = (
			);
			dependencies = (
				0B3CE51A2BD4A80A004853BD /* PBXTargetDependency */,
			);
			name = "Neppatsrev CoffeeTests";
			productName = "Neppatsrev CoffeeTests";
			productReference = 0B3CE5182BD4A80A004853BD /* Neppatsrev CoffeeTests.xctest */;
			productType = "com.apple.product-type.bundle.unit-test";
		};
		0B3CE5212BD4A80A004853BD /* Neppatsrev CoffeeUITests */ = {
			isa = PBXNativeTarget;
			buildConfigurationList = 0B3CE5322BD4A80A004853BD /* Build configuration list for PBXNativeTarget "Neppatsrev CoffeeUITests" */;
			buildPhases = (
				0B3CE51E2BD4A80A004853BD /* Sources */,
				0B3CE51F2BD4A80A004853BD /* Frameworks */,
				0B3CE5202BD4A80A004853BD /* Resources */,
			);
			buildRules = (
			);
			dependencies = (
				0B3CE5242BD4A80A004853BD /* PBXTargetDependency */,
			);
			name = "Neppatsrev CoffeeUITests";
			productName = "Neppatsrev CoffeeUITests";
			productReference = 0B3CE5222BD4A80A004853BD /* Neppatsrev CoffeeUITests.xctest */;
			productType = "com.apple.product-type.bundle.ui-testing";
		};
/* End PBXNativeTarget section */

/* Begin PBXProject section */
		0B3CE5002BD4A806004853BD /* Project object */ = {
			isa = PBXProject;
			attributes = {
				BuildIndependentTargetsInParallel = 1;
				LastSwiftUpdateCheck = 1530;
				LastUpgradeCheck = 1530;
				TargetAttributes = {
					0B3CE5072BD4A806004853BD = {
						CreatedOnToolsVersion = 15.3;
					};
					0B3CE5172BD4A80A004853BD = {
						CreatedOnToolsVersion = 15.3;
						TestTargetID = 0B3CE5072BD4A806004853BD;
					};
					0B3CE5212BD4A80A004853BD = {
						CreatedOnToolsVersion = 15.3;
						TestTargetID = 0B3CE5072BD4A806004853BD;
					};
				};
			};
			buildConfigurationList = 0B3CE5032BD4A806004853BD /* Build configuration list for PBXProject "Neppatsrev Coffee" */;
			compatibilityVersion = "Xcode 14.0";
			developmentRegion = en;
			hasScannedForEncodings = 0;
			knownRegions = (
				en,
				Base,
			);
			mainGroup = 0B3CE4FF2BD4A806004853BD;
			productRefGroup = 0B3CE5092BD4A806004853BD /* Products */;
			projectDirPath = "";
			projectRoot = "";
			targets = (
				0B3CE5072BD4A806004853BD /* Neppatsrev Coffee */,
				0B3CE5172BD4A80A004853BD /* Neppatsrev CoffeeTests */,
				0B3CE5212BD4A80A004853BD /* Neppatsrev CoffeeUITests */,
			);
		};
/* End PBXProject section */

/* Begin PBXResourcesBuildPhase section */
		0B3CE5062BD4A806004853BD /* Resources */ = {
			isa = PBXResourcesBuildPhase;
			buildActionMask = 2147483647;
			files = (
				0B3CE5132BD4A809004853BD /* Preview Assets.xcassets in Resources */,
				0B3CE5102BD4A809004853BD /* Assets.xcassets in Resources */,
			);
			runOnlyForDeploymentPostprocessing = 0;
		};
		0B3CE5162BD4A80A004853BD /* Resources */ = {
			isa = PBXResourcesBuildPhase;
			buildActionMask = 2147483647;
			files = (
			);
			runOnlyForDeploymentPostprocessing = 0;
		};
		0B3CE5202BD4A80A004853BD /* Resources */ = {
			isa = PBXResourcesBuildPhase;
			buildActionMask = 2147483647;
			files = (
			);
			runOnlyForDeploymentPostprocessing = 0;
		};
/* End PBXResourcesBuildPhase section */

/* Begin PBXSourcesBuildPhase section */
		0B3CE5042BD4A806004853BD /* Sources */ = {
			isa = PBXSourcesBuildPhase;
			buildActionMask = 2147483647;
			files = (
				0B3CE50E2BD4A806004853BD /* ContentView.swift in Sources */,
				0B3CE50C2BD4A806004853BD /* Neppatsrev_CoffeeApp.swift in Sources */,
			);
			runOnlyForDeploymentPostprocessing = 0;
		};
		0B3CE5142BD4A80A004853BD /* Sources */ = {
			isa = PBXSourcesBuildPhase;
			buildActionMask = 2147483647;
			files = (
				0B3CE51D2BD4A80A004853BD /* Neppatsrev_CoffeeTests.swift in Sources */,
			);
			runOnlyForDeploymentPostprocessing = 0;
		};
		0B3CE51E2BD4A80A004853BD /* Sources */ = {
			isa = PBXSourcesBuildPhase;
			buildActionMask = 2147483647;
			files = (
				0B3CE5292BD4A80A004853BD /* Neppatsrev_CoffeeUITestsLaunchTests.swift in Sources */,
				0B3CE5272BD4A80A004853BD /* Neppatsrev_CoffeeUITests.swift in Sources */,
			);
			runOnlyForDeploymentPostprocessing = 0;
		};
/* End PBXSourcesBuildPhase section */

/* Begin PBXTargetDependency section */
		0B3CE51A2BD4A80A004853BD /* PBXTargetDependency */ = {
			isa = PBXTargetDependency;
			target = 0B3CE5072BD4A806004853BD /* Neppatsrev Coffee */;
			targetProxy = 0B3CE5192BD4A80A004853BD /* PBXContainerItemProxy */;
		};
		0B3CE5242BD4A80A004853BD /* PBXTargetDependency */ = {
			isa = PBXTargetDependency;
			target = 0B3CE5072BD4A806004853BD /* Neppatsrev Coffee */;
			targetProxy = 0B3CE5232BD4A80A004853BD /* PBXContainerItemProxy */;
		};
/* End PBXTargetDependency section */

/* Begin XCBuildConfiguration section */
		0B3CE52A2BD4A80A004853BD /* Debug */ = {
			isa = XCBuildConfiguration;
			buildSettings = {
				ALWAYS_SEARCH_USER_PATHS = NO;
				ASSETCATALOG_COMPILER_GENERATE_SWIFT_ASSET_SYMBOL_EXTENSIONS = YES;
				CLANG_ANALYZER_NONNULL = YES;
				CLANG_ANALYZER_NUMBER_OBJECT_CONVERSION = YES_AGGRESSIVE;
				CLANG_CXX_LANGUAGE_STANDARD = "gnu++20";
				CLANG_ENABLE_MODULES = YES;
				CLANG_ENABLE_OBJC_ARC = YES;
				CLANG_ENABLE_OBJC_WEAK = YES;
				CLANG_WARN_BLOCK_CAPTURE_AUTORELEASING = YES;
				CLANG_WARN_BOOL_CONVERSION = YES;
				CLANG_WARN_COMMA = YES;
				CLANG_WARN_CONSTANT_CONVERSION = YES;
				CLANG_WARN_DEPRECATED_OBJC_IMPLEMENTATIONS = YES;
				CLANG_WARN_DIRECT_OBJC_ISA_USAGE = YES_ERROR;
				CLANG_WARN_DOCUMENTATION_COMMENTS = YES;
				CLANG_WARN_EMPTY_BODY = YES;
				CLANG_WARN_ENUM_CONVERSION = YES;
				CLANG_WARN_INFINITE_RECURSION = YES;
				CLANG_WARN_INT_CONVERSION = YES;
				CLANG_WARN_NON_LITERAL_NULL_CONVERSION = YES;
				CLANG_WARN_OBJC_IMPLICIT_RETAIN_SELF = YES;
				CLANG_WARN_OBJC_LITERAL_CONVERSION = YES;
				CLANG_WARN_OBJC_ROOT_CLASS = YES_ERROR;
				CLANG_WARN_QUOTED_INCLUDE_IN_FRAMEWORK_HEADER = YES;
				CLANG_WARN_RANGE_LOOP_ANALYSIS = YES;
				CLANG_WARN_STRICT_PROTOTYPES = YES;
				CLANG_WARN_SUSPICIOUS_MOVE = YES;
				CLANG_WARN_UNGUARDED_AVAILABILITY = YES_AGGRESSIVE;
				CLANG_WARN_UNREACHABLE_CODE = YES;
				CLANG_WARN__DUPLICATE_METHOD_MATCH = YES;
				COPY_PHASE_STRIP = NO;
				DEBUG_INFORMATION_FORMAT = dwarf;
				ENABLE_STRICT_OBJC_MSGSEND = YES;
				ENABLE_TESTABILITY = YES;
				ENABLE_USER_SCRIPT_SANDBOXING = YES;
				GCC_C_LANGUAGE_STANDARD = gnu17;
				GCC_DYNAMIC_NO_PIC = NO;
				GCC_NO_COMMON_BLOCKS = YES;
				GCC_OPTIMIZATION_LEVEL = 0;
				GCC_PREPROCESSOR_DEFINITIONS = (
					"DEBUG=1",
					"$(inherited)",
				);
				GCC_WARN_64_TO_32_BIT_CONVERSION = YES;
				GCC_WARN_ABOUT_RETURN_TYPE = YES_ERROR;
				GCC_WARN_UNDECLARED_SELECTOR = YES;
				GCC_WARN_UNINITIALIZED_AUTOS = YES_AGGRESSIVE;
				GCC_WARN_UNUSED_FUNCTION = YES;
				GCC_WARN_UNUSED_VARIABLE = YES;
				IPHONEOS_DEPLOYMENT_TARGET = 17.4;
				LOCALIZATION_PREFERS_STRING_CATALOGS = YES;
				MTL_ENABLE_DEBUG_INFO = INCLUDE_SOURCE;
				MTL_FAST_MATH = YES;
				ONLY_ACTIVE_ARCH = YES;
				SDKROOT = iphoneos;
				SWIFT_ACTIVE_COMPILATION_CONDITIONS = "DEBUG $(inherited)";
				SWIFT_OPTIMIZATION_LEVEL = "-Onone";
			};
			name = Debug;
		};
		0B3CE52B2BD4A80A004853BD /* Release */ = {
			isa = XCBuildConfiguration;
			buildSettings = {
				ALWAYS_SEARCH_USER_PATHS = NO;
				ASSETCATALOG_COMPILER_GENERATE_SWIFT_ASSET_SYMBOL_EXTENSIONS = YES;
				CLANG_ANALYZER_NONNULL = YES;
				CLANG_ANALYZER_NUMBER_OBJECT_CONVERSION = YES_AGGRESSIVE;
				CLANG_CXX_LANGUAGE_STANDARD = "gnu++20";
				CLANG_ENABLE_MODULES = YES;
				CLANG_ENABLE_OBJC_ARC = YES;
				CLANG_ENABLE_OBJC_WEAK = YES;
				CLANG_WARN_BLOCK_CAPTURE_AUTORELEASING = YES;
				CLANG_WARN_BOOL_CONVERSION = YES;
				CLANG_WARN_COMMA = YES;
				CLANG_WARN_CONSTANT_CONVERSION = YES;
				CLANG_WARN_DEPRECATED_OBJC_IMPLEMENTATIONS = YES;
				CLANG_WARN_DIRECT_OBJC_ISA_USAGE = YES_ERROR;
				CLANG_WARN_DOCUMENTATION_COMMENTS = YES;
				CLANG_WARN_EMPTY_BODY = YES;
				CLANG_WARN_ENUM_CONVERSION = YES;
				CLANG_WARN_INFINITE_RECURSION = YES;
				CLANG_WARN_INT_CONVERSION = YES;
				CLANG_WARN_NON_LITERAL_NULL_CONVERSION = YES;
				CLANG_WARN_OBJC_IMPLICIT_RETAIN_SELF = YES;
				CLANG_WARN_OBJC_LITERAL_CONVERSION = YES;
				CLANG_WARN_OBJC_ROOT_CLASS = YES_ERROR;
				CLANG_WARN_QUOTED_INCLUDE_IN_FRAMEWORK_HEADER = YES;
				CLANG_WARN_RANGE_LOOP_ANALYSIS = YES;
				CLANG_WARN_STRICT_PROTOTYPES = YES;
				CLANG_WARN_SUSPICIOUS_MOVE = YES;
				CLANG_WARN_UNGUARDED_AVAILABILITY = YES_AGGRESSIVE;
				CLANG_WARN_UNREACHABLE_CODE = YES;
				CLANG_WARN__DUPLICATE_METHOD_MATCH = YES;
				COPY_PHASE_STRIP = NO;
				DEBUG_INFORMATION_FORMAT = "dwarf-with-dsym";
				ENABLE_NS_ASSERTIONS = NO;
				ENABLE_STRICT_OBJC_MSGSEND = YES;
				ENABLE_USER_SCRIPT_SANDBOXING = YES;
				GCC_C_LANGUAGE_STANDARD = gnu17;
				GCC_NO_COMMON_BLOCKS = YES;
				GCC_WARN_64_TO_32_BIT_CONVERSION = YES;
				GCC_WARN_ABOUT_RETURN_TYPE = YES_ERROR;
				GCC_WARN_UNDECLARED_SELECTOR = YES;
				GCC_WARN_UNINITIALIZED_AUTOS = YES_AGGRESSIVE;
				GCC_WARN_UNUSED_FUNCTION = YES;
				GCC_WARN_UNUSED_VARIABLE = YES;
				IPHONEOS_DEPLOYMENT_TARGET = 17.4;
				LOCALIZATION_PREFERS_STRING_CATALOGS = YES;
				MTL_ENABLE_DEBUG_INFO = NO;
				MTL_FAST_MATH = YES;
				SDKROOT = iphoneos;
				SWIFT_COMPILATION_MODE = wholemodule;
				VALIDATE_PRODUCT = YES;
			};
			name = Release;
		};
		0B3CE52D2BD4A80A004853BD /* Debug */ = {
			isa = XCBuildConfiguration;
			buildSettings = {
				ASSETCATALOG_COMPILER_APPICON_NAME = AppIcon;
				ASSETCATALOG_COMPILER_GLOBAL_ACCENT_COLOR_NAME = AccentColor;
				CODE_SIGN_STYLE = Automatic;
				CURRENT_PROJECT_VERSION = 1;
				DEVELOPMENT_ASSET_PATHS = "\"Neppatsrev Coffee/Preview Content\"";
				ENABLE_PREVIEWS = YES;
				GENERATE_INFOPLIST_FILE = YES;
				INFOPLIST_KEY_UIApplicationSceneManifest_Generation = YES;
				INFOPLIST_KEY_UIApplicationSupportsIndirectInputEvents = YES;
				INFOPLIST_KEY_UILaunchScreen_Generation = YES;
				INFOPLIST_KEY_UISupportedInterfaceOrientations_iPad = "UIInterfaceOrientationPortrait UIInterfaceOrientationPortraitUpsideDown UIInterfaceOrientationLandscapeLeft UIInterfaceOrientationLandscapeRight";
				INFOPLIST_KEY_UISupportedInterfaceOrientations_iPhone = "UIInterfaceOrientationPortrait UIInterfaceOrientationLandscapeLeft UIInterfaceOrientationLandscapeRight";
				LD_RUNPATH_SEARCH_PATHS = (
					"$(inherited)",
					"@executable_path/Frameworks",
				);
				MARKETING_VERSION = 1.0;
				PRODUCT_BUNDLE_IDENTIFIER = "edu.curtin.comp2010.Mohamed-Leevan-Ahmed.Neppatsrev-Coffee";
				PRODUCT_NAME = "$(TARGET_NAME)";
				SWIFT_EMIT_LOC_STRINGS = YES;
				SWIFT_VERSION = 5.0;
				TARGETED_DEVICE_FAMILY = "1,2";
			};
			name = Debug;
		};
		0B3CE52E2BD4A80A004853BD /* Release */ = {
			isa = XCBuildConfiguration;
			buildSettings = {
				ASSETCATALOG_COMPILER_APPICON_NAME = AppIcon;
				ASSETCATALOG_COMPILER_GLOBAL_ACCENT_COLOR_NAME = AccentColor;
				CODE_SIGN_STYLE = Automatic;
				CURRENT_PROJECT_VERSION = 1;
				DEVELOPMENT_ASSET_PATHS = "\"Neppatsrev Coffee/Preview Content\"";
				ENABLE_PREVIEWS = YES;
				GENERATE_INFOPLIST_FILE = YES;
				INFOPLIST_KEY_UIApplicationSceneManifest_Generation = YES;
				INFOPLIST_KEY_UIApplicationSupportsIndirectInputEvents = YES;
				INFOPLIST_KEY_UILaunchScreen_Generation = YES;
				INFOPLIST_KEY_UISupportedInterfaceOrientations_iPad = "UIInterfaceOrientationPortrait UIInterfaceOrientationPortraitUpsideDown UIInterfaceOrientationLandscapeLeft UIInterfaceOrientationLandscapeRight";
				INFOPLIST_KEY_UISupportedInterfaceOrientations_iPhone = "UIInterfaceOrientationPortrait UIInterfaceOrientationLandscapeLeft UIInterfaceOrientationLandscapeRight";
				LD_RUNPATH_SEARCH_PATHS = (
					"$(inherited)",
					"@executable_path/Frameworks",
				);
				MARKETING_VERSION = 1.0;
				PRODUCT_BUNDLE_IDENTIFIER = "edu.curtin.comp2010.Mohamed-Leevan-Ahmed.Neppatsrev-Coffee";
				PRODUCT_NAME = "$(TARGET_NAME)";
				SWIFT_EMIT_LOC_STRINGS = YES;
				SWIFT_VERSION = 5.0;
				TARGETED_DEVICE_FAMILY = "1,2";
			};
			name = Release;
		};
		0B3CE5302BD4A80A004853BD /* Debug */ = {
			isa = XCBuildConfiguration;
			buildSettings = {
				ALWAYS_EMBED_SWIFT_STANDARD_LIBRARIES = YES;
				BUNDLE_LOADER = "$(TEST_HOST)";
				CODE_SIGN_STYLE = Automatic;
				CURRENT_PROJECT_VERSION = 1;
				GENERATE_INFOPLIST_FILE = YES;
				IPHONEOS_DEPLOYMENT_TARGET = 17.4;
				MARKETING_VERSION = 1.0;
				PRODUCT_BUNDLE_IDENTIFIER = "edu.curtin.comp2010.Mohamed-Leevan-Ahmed.Neppatsrev-CoffeeTests";
				PRODUCT_NAME = "$(TARGET_NAME)";
				SWIFT_EMIT_LOC_STRINGS = NO;
				SWIFT_VERSION = 5.0;
				TARGETED_DEVICE_FAMILY = "1,2";
				TEST_HOST = "$(BUILT_PRODUCTS_DIR)/Neppatsrev Coffee.app/$(BUNDLE_EXECUTABLE_FOLDER_PATH)/Neppatsrev Coffee";
			};
			name = Debug;
		};
		0B3CE5312BD4A80A004853BD /* Release */ = {
			isa = XCBuildConfiguration;
			buildSettings = {
				ALWAYS_EMBED_SWIFT_STANDARD_LIBRARIES = YES;
				BUNDLE_LOADER = "$(TEST_HOST)";
				CODE_SIGN_STYLE = Automatic;
				CURRENT_PROJECT_VERSION = 1;
				GENERATE_INFOPLIST_FILE = YES;
				IPHONEOS_DEPLOYMENT_TARGET = 17.4;
				MARKETING_VERSION = 1.0;
				PRODUCT_BUNDLE_IDENTIFIER = "edu.curtin.comp2010.Mohamed-Leevan-Ahmed.Neppatsrev-CoffeeTests";
				PRODUCT_NAME = "$(TARGET_NAME)";
				SWIFT_EMIT_LOC_STRINGS = NO;
				SWIFT_VERSION = 5.0;
				TARGETED_DEVICE_FAMILY = "1,2";
				TEST_HOST = "$(BUILT_PRODUCTS_DIR)/Neppatsrev Coffee.app/$(BUNDLE_EXECUTABLE_FOLDER_PATH)/Neppatsrev Coffee";
			};
			name = Release;
		};
		0B3CE5332BD4A80A004853BD /* Debug */ = {
			isa = XCBuildConfiguration;
			buildSettings = {
				ALWAYS_EMBED_SWIFT_STANDARD_LIBRARIES = YES;
				CODE_SIGN_STYLE = Automatic;
				CURRENT_PROJECT_VERSION = 1;
				GENERATE_INFOPLIST_FILE = YES;
				MARKETING_VERSION = 1.0;
				PRODUCT_BUNDLE_IDENTIFIER = "edu.curtin.comp2010.Mohamed-Leevan-Ahmed.Neppatsrev-CoffeeUITests";
				PRODUCT_NAME = "$(TARGET_NAME)";
				SWIFT_EMIT_LOC_STRINGS = NO;
				SWIFT_VERSION = 5.0;
				TARGETED_DEVICE_FAMILY = "1,2";
				TEST_TARGET_NAME = "Neppatsrev Coffee";
			};
			name = Debug;
		};
		0B3CE5342BD4A80A004853BD /* Release */ = {
			isa = XCBuildConfiguration;
			buildSettings = {
				ALWAYS_EMBED_SWIFT_STANDARD_LIBRARIES = YES;
				CODE_SIGN_STYLE = Automatic;
				CURRENT_PROJECT_VERSION = 1;
				GENERATE_INFOPLIST_FILE = YES;
				MARKETING_VERSION = 1.0;
				PRODUCT_BUNDLE_IDENTIFIER = "edu.curtin.comp2010.Mohamed-Leevan-Ahmed.Neppatsrev-CoffeeUITests";
				PRODUCT_NAME = "$(TARGET_NAME)";
				SWIFT_EMIT_LOC_STRINGS = NO;
				SWIFT_VERSION = 5.0;
				TARGETED_DEVICE_FAMILY = "1,2";
				TEST_TARGET_NAME = "Neppatsrev Coffee";
			};
			name = Release;
		};
/* End XCBuildConfiguration section */

/* Begin XCConfigurationList section */
		0B3CE5032BD4A806004853BD /* Build configuration list for PBXProject "Neppatsrev Coffee" */ = {
			isa = XCConfigurationList;
			buildConfigurations = (
				0B3CE52A2BD4A80A004853BD /* Debug */,
				0B3CE52B2BD4A80A004853BD /* Release */,
			);
			defaultConfigurationIsVisible = 0;
			defaultConfigurationName = Release;
		};
		0B3CE52C2BD4A80A004853BD /* Build configuration list for PBXNativeTarget "Neppatsrev Coffee" */ = {
			isa = XCConfigurationList;
			buildConfigurations = (
				0B3CE52D2BD4A80A004853BD /* Debug */,
				0B3CE52E2BD4A80A004853BD /* Release */,
			);
			defaultConfigurationIsVisible = 0;
			defaultConfigurationName = Release;
		};
		0B3CE52F2BD4A80A004853BD /* Build configuration list for PBXNativeTarget "Neppatsrev CoffeeTests" */ = {
			isa = XCConfigurationList;
			buildConfigurations = (
				0B3CE5302BD4A80A004853BD /* Debug */,
				0B3CE5312BD4A80A004853BD /* Release */,
			);
			defaultConfigurationIsVisible = 0;
			defaultConfigurationName = Release;
		};
		0B3CE5322BD4A80A004853BD /* Build configuration list for PBXNativeTarget "Neppatsrev CoffeeUITests" */ = {
			isa = XCConfigurationList;
			buildConfigurations = (
				0B3CE5332BD4A80A004853BD /* Debug */,
				0B3CE5342BD4A80A004853BD /* Release */,
			);
			defaultConfigurationIsVisible = 0;
			defaultConfigurationName = Release;
		};
/* End XCConfigurationList section */
	};
	rootObject = 0B3CE5002BD4A806004853BD /* Project object */;
}
